
Microsoft Visual Studio Solution File, Format Version 12.00
# Visual Studio Version 17
VisualStudioVersion = 17.11.35312.102
MinimumVisualStudioVersion = 10.0.40219.1
Project("{FAE04EC0-301F-11D3-BF4B-00C04F79EFBC}") = "WebApplication1", "WebApplication1\WebApplication1.csproj", "{61E28471-794B-49EF-98EF-D26B44F7CDFD}"
EndProject
Global
	GlobalSection(SolutionConfigurationPlatforms) = preSolution
		Debug|Any CPU = Debug|Any CPU
		Release|Any CPU = Release|Any CPU
	EndGlobalSection
	GlobalSection(ProjectConfigurationPlatforms) = postSolution
		{61E28471-794B-49EF-98EF-D26B44F7CDFD}.Debug|Any CPU.ActiveCfg = Debug|Any CPU
		{61E28471-794B-49EF-98EF-D26B44F7CDFD}.Debug|Any CPU.Build.0 = Debug|Any CPU
		{61E28471-794B-49EF-98EF-D26B44F7CDFD}.Release|Any CPU.ActiveCfg = Release|Any CPU
		{61E28471-794B-49EF-98EF-D26B44F7CDFD}.Release|Any CPU.Build.0 = Release|Any CPU
	EndGlobalSection
	GlobalSection(SolutionProperties) = preSolution
		HideSolutionNode = FALSE
	EndGlobalSection
	GlobalSection(ExtensibilityGlobals) = postSolution
		SolutionGuid = {B1BDF662-BECF-4CA2-87F1-D2CF7ED2BC2A}
	EndGlobalSection
EndGlobal
